
Microsoft Visual Studio Solution File, Format Version 12.00
# Visual Studio Version 16
VisualStudioVersion = 16.0.30523.141
MinimumVisualStudioVersion = 10.0.40219.1
Project("{FAE04EC0-301F-11D3-BF4B-00C04F79EFBC}") = "ADTQ3_Rico-Roy-Adonis_Delos-Reyes", "ADTQ3_Rico-Roy-Adonis_Delos-Reyes\ADTQ3_Rico-Roy-Adonis_Delos-Reyes.csproj", "{4E5382CB-DC5E-46A1-B222-F6B94F3F5813}"
EndProject
Global
	GlobalSection(SolutionConfigurationPlatforms) = preSolution
		Debug|Any CPU = Debug|Any CPU
		Release|Any CPU = Release|Any CPU
	EndGlobalSection
	GlobalSection(ProjectConfigurationPlatforms) = postSolution
		{4E5382CB-DC5E-46A1-B222-F6B94F3F5813}.Debug|Any CPU.ActiveCfg = Debug|Any CPU
		{4E5382CB-DC5E-46A1-B222-F6B94F3F5813}.Debug|Any CPU.Build.0 = Debug|Any CPU
		{4E5382CB-DC5E-46A1-B222-F6B94F3F5813}.Release|Any CPU.ActiveCfg = Release|Any CPU
		{4E5382CB-DC5E-46A1-B222-F6B94F3F5813}.Release|Any CPU.Build.0 = Release|Any CPU
	EndGlobalSection
	GlobalSection(SolutionProperties) = preSolution
		HideSolutionNode = FALSE
	EndGlobalSection
	GlobalSection(ExtensibilityGlobals) = postSolution
		SolutionGuid = {F5C1224D-FED7-4579-9262-B9ECC0FDBE24}
	EndGlobalSection
EndGlobal
